dependencies:
- name: postgresql
  repository: https://kubernetes-charts.storage.googleapis.com
  version: 6.3.9
- name: nginx-ingress
  repository: https://kubernetes-charts.storage.googleapis.com
  version: 1.26.2
digest: sha256:18c51c1544d7ee185a7ac2233403dcf7835bda4f6094fdc989f15f20902ecb99
generated: "2020-05-17T10:07:24.112144+05:30"
