dependencies:
- name: postgresql
  repository: https://kubernetes-charts.storage.googleapis.com
  version: 6.3.9
- name: traefik
  repository: https://kubernetes-charts.storage.googleapis.com
  version: 1.85.1
digest: sha256:58ebf82423684aa47d8187e07e99951d39c6935d61747577dd19d616c7b25c7e
generated: "2020-01-30T20:26:32.356788+05:30"
